
Microsoft Visual Studio Solution File, Format Version 12.00
# Visual Studio 15
VisualStudioVersion = 15.0.34320.172
MinimumVisualStudioVersion = 10.0.40219.1
Project("{FAE04EC0-301F-11D3-BF4B-00C04F79EFBC}") = "Wpf_Chatting_server", "Wpf_Chatting_server\Wpf_Chatting_server.csproj", "{7DE05205-9055-445C-AEFC-FDA274C60BB0}"
EndProject
Project("{9A19103F-16F7-4668-BE54-9A1E7A4F7556}") = "Chat_library", "..\Chat_library\Chat_library\Chat_library.csproj", "{607EE531-0602-42F2-AA56-844C7F874773}"
EndProject
Global
	GlobalSection(SolutionConfigurationPlatforms) = preSolution
		Debug|Any CPU = Debug|Any CPU
		Release|Any CPU = Release|Any CPU
	EndGlobalSection
	GlobalSection(ProjectConfigurationPlatforms) = postSolution
		{7DE05205-9055-445C-AEFC-FDA274C60BB0}.Debug|Any CPU.ActiveCfg = Debug|Any CPU
		{7DE05205-9055-445C-AEFC-FDA274C60BB0}.Debug|Any CPU.Build.0 = Debug|Any CPU
		{7DE05205-9055-445C-AEFC-FDA274C60BB0}.Release|Any CPU.ActiveCfg = Release|Any CPU
		{7DE05205-9055-445C-AEFC-FDA274C60BB0}.Release|Any CPU.Build.0 = Release|Any CPU
		{607EE531-0602-42F2-AA56-844C7F874773}.Debug|Any CPU.ActiveCfg = Debug|Any CPU
		{607EE531-0602-42F2-AA56-844C7F874773}.Debug|Any CPU.Build.0 = Debug|Any CPU
		{607EE531-0602-42F2-AA56-844C7F874773}.Release|Any CPU.ActiveCfg = Release|Any CPU
		{607EE531-0602-42F2-AA56-844C7F874773}.Release|Any CPU.Build.0 = Release|Any CPU
	EndGlobalSection
	GlobalSection(SolutionProperties) = preSolution
		HideSolutionNode = FALSE
	EndGlobalSection
	GlobalSection(ExtensibilityGlobals) = postSolution
		SolutionGuid = {FA6CA524-1D30-4645-A8D6-8B2168704A60}
	EndGlobalSection
EndGlobal
